
Microsoft Visual Studio Solution File, Format Version 12.00
# Visual Studio Version 16
VisualStudioVersion = 16.0.30523.141
MinimumVisualStudioVersion = 10.0.40219.1
Project("{FAE04EC0-301F-11D3-BF4B-00C04F79EFBC}") = "sw_mariscope", "sw_mariscope.csproj", "{2FAE3973-410F-48F6-8634-C83BD1A8A529}"
EndProject
Global
	GlobalSection(SolutionConfigurationPlatforms) = preSolution
		Debug|Any CPU = Debug|Any CPU
		Release|Any CPU = Release|Any CPU
	EndGlobalSection
	GlobalSection(ProjectConfigurationPlatforms) = postSolution
		{2FAE3973-410F-48F6-8634-C83BD1A8A529}.Debug|Any CPU.ActiveCfg = Debug|Any CPU
		{2FAE3973-410F-48F6-8634-C83BD1A8A529}.Debug|Any CPU.Build.0 = Debug|Any CPU
		{2FAE3973-410F-48F6-8634-C83BD1A8A529}.Release|Any CPU.ActiveCfg = Release|Any CPU
		{2FAE3973-410F-48F6-8634-C83BD1A8A529}.Release|Any CPU.Build.0 = Release|Any CPU
	EndGlobalSection
	GlobalSection(SolutionProperties) = preSolution
		HideSolutionNode = FALSE
	EndGlobalSection
	GlobalSection(ExtensibilityGlobals) = postSolution
		SolutionGuid = {5FA45F9B-A533-456F-B2DE-36FDFF570FC1}
	EndGlobalSection
EndGlobal
